{
  "name": "gg",
  "version": "0.0.0",
  "lockfileVersion": 3,
  "requires": true,
  "packages": {
    "": {
      "name": "gg",
      "version": "0.0.0",
      "workspaces": [
        "nakama-server"
      ]
    },
    "nakama-server": {
      "name": "gg-nakama-server",
      "version": "0.1.0",
      "dependencies": {
        "nakama-runtime": "github:heroiclabs/nakama-common#master"
      },
      "devDependencies": {
        "typescript": "~5.6.3"
      }
    },
    "node_modules/gg-nakama-server": {
      "resolved": "nakama-server",
      "link": true
    },
    "node_modules/nakama-runtime": {
      "version": "1.45.0",
      "resolved": "git+ssh://git@github.com/heroiclabs/nakama-common.git#202c48da4fb178809a8114849ae32d65fdf1a3b7",
      "license": "Apache-2.0"
    },
    "node_modules/typescript": {
      "version": "5.6.3",
      "resolved": "https://registry.npmjs.org/typescript/-/typescript-5.6.3.tgz",
      "integrity": "sha512-hjcS1mhfuyi4WW8IWtjP7brDrG2cuDZukyrYrSauoXGNgx0S7zceP07adYkJycEr56BOUTNPzbInooiN3fn1qw==",
      "dev": true,
      "license": "Apache-2.0",
      "bin": {
        "tsc": "bin/tsc",
        "tsserver": "bin/tsserver"
      },
      "engines": {
        "node": ">=14.17"
      }
    }
  }
}
